
Microsoft Visual Studio Solution File, Format Version 12.00
# Visual Studio Version 16
VisualStudioVersion = 16.0.29102.190
MinimumVisualStudioVersion = 10.0.40219.1
Project("{FAE04EC0-301F-11D3-BF4B-00C04F79EFBC}") = "SistemaAlumnos", "SistemaAlumnos.csproj", "{50557E4E-26D8-4865-B9C6-253C6FBC30A1}"
EndProject
Global
	GlobalSection(SolutionConfigurationPlatforms) = preSolution
		Debug|Any CPU = Debug|Any CPU
		Release|Any CPU = Release|Any CPU
	EndGlobalSection
	GlobalSection(ProjectConfigurationPlatforms) = postSolution
		{50557E4E-26D8-4865-B9C6-253C6FBC30A1}.Debug|Any CPU.ActiveCfg = Debug|Any CPU
		{50557E4E-26D8-4865-B9C6-253C6FBC30A1}.Debug|Any CPU.Build.0 = Debug|Any CPU
		{50557E4E-26D8-4865-B9C6-253C6FBC30A1}.Release|Any CPU.ActiveCfg = Release|Any CPU
		{50557E4E-26D8-4865-B9C6-253C6FBC30A1}.Release|Any CPU.Build.0 = Release|Any CPU
	EndGlobalSection
	GlobalSection(SolutionProperties) = preSolution
		HideSolutionNode = FALSE
	EndGlobalSection
	GlobalSection(ExtensibilityGlobals) = postSolution
		SolutionGuid = {12D06D06-26E2-4BFB-B383-7C91754345AD}
	EndGlobalSection
EndGlobal
