
Microsoft Visual Studio Solution File, Format Version 12.00
# Visual Studio Version 16
VisualStudioVersion = 16.0.28922.388
MinimumVisualStudioVersion = 10.0.40219.1
Project("{FAE04EC0-301F-11D3-BF4B-00C04F79EFBC}") = "usoControles", "usoControles\usoControles.csproj", "{70D4BFCD-D6C5-4ED0-9E9E-4C08C612E849}"
EndProject
Global
	GlobalSection(SolutionConfigurationPlatforms) = preSolution
		Debug|Any CPU = Debug|Any CPU
		Release|Any CPU = Release|Any CPU
	EndGlobalSection
	GlobalSection(ProjectConfigurationPlatforms) = postSolution
		{70D4BFCD-D6C5-4ED0-9E9E-4C08C612E849}.Debug|Any CPU.ActiveCfg = Debug|Any CPU
		{70D4BFCD-D6C5-4ED0-9E9E-4C08C612E849}.Debug|Any CPU.Build.0 = Debug|Any CPU
		{70D4BFCD-D6C5-4ED0-9E9E-4C08C612E849}.Release|Any CPU.ActiveCfg = Release|Any CPU
		{70D4BFCD-D6C5-4ED0-9E9E-4C08C612E849}.Release|Any CPU.Build.0 = Release|Any CPU
	EndGlobalSection
	GlobalSection(SolutionProperties) = preSolution
		HideSolutionNode = FALSE
	EndGlobalSection
	GlobalSection(ExtensibilityGlobals) = postSolution
		SolutionGuid = {87960075-D09B-40E3-A109-EFEE1CD8831F}
	EndGlobalSection
EndGlobal
